payload:
    - DOMAIN-SUFFIX,bbc
    - DOMAIN-SUFFIX,hbomaxcdn.com
    - DOMAIN-SUFFIX,bbcpersian.com
    - DOMAIN-SUFFIX,indazn.com
    - DOMAIN-SUFFIX,ykimg.com
    - DOMAIN-SUFFIX,youku.com
    - DOMAIN-SUFFIX,soku.com
    - DOMAIN-SUFFIX,suike.cn
    - DOMAIN-SUFFIX,hotstar.com
    - DOMAIN-SUFFIX,hotstarext.com
    - DOMAIN-SUFFIX,qy.net
    - DOMAIN-SUFFIX,qy.com
    - DOMAIN-SUFFIX,disney-plus.net
    - DOMAIN-SUFFIX,disneyplus.com
    - DOMAIN-SUFFIX,dssott.com
    - DOMAIN-SUFFIX,disneynow.com
    - DOMAIN-SUFFIX,disneystreaming.com
    - DOMAIN-SUFFIX,qiyipic.com
    - DOMAIN-SUFFIX,netflix.com
    - DOMAIN-SUFFIX,netflix.net
    - DOMAIN-SUFFIX,nflximg.com
    - DOMAIN-SUFFIX,nflximg.net
    - DOMAIN-SUFFIX,nflxvideo.net
    - DOMAIN-SUFFIX,nflxext.com
    - DOMAIN-SUFFIX,nflxso.net
    - DOMAIN-SUFFIX,qiyi.com
    - DOMAIN-SUFFIX,qiyi.cn
    - DOMAIN-SUFFIX,ppsurl.com
    - DOMAIN-SUFFIX,ppstream.net
    - DOMAIN-SUFFIX,ppstream.com
    - DOMAIN-SUFFIX,aiv-cdn.net
    - DOMAIN-SUFFIX,aiv-delivery.net
    - DOMAIN-SUFFIX,amazonvideo.com
    - DOMAIN-SUFFIX,ppstream.cn
    - DOMAIN-SUFFIX,ppsimg.com
    - DOMAIN-SUFFIX,pps.tv
    - DOMAIN-SUFFIX,jiangbing.cn
    - DOMAIN-SUFFIX,iqiyipic.com
    - DOMAIN-SUFFIX,iqiyiedge.net
    - DOMAIN-SUFFIX,iqiyiedge.com
    - DOMAIN-SUFFIX,iqiyi.com
    - DOMAIN-SUFFIX,primevideo.com
    - DOMAIN-SUFFIX,pv-cdn.net
    - DOMAIN-SUFFIX,iq.com
    - DOMAIN-SUFFIX,tvbanywhere.com
    - DOMAIN-SUFFIX,ibkstore.com
    - DOMAIN-SUFFIX,tvb.com
    - DOMAIN-SUFFIX,gitv.tv
    - DOMAIN-SUFFIX,gitv.cn
    - DOMAIN-SUFFIX,baiying.com
    - DOMAIN-SUFFIX,tvbusa.com
    - DOMAIN-SUFFIX,tvbweekly.com
    - DOMAIN-SUFFIX,aiqiyicloud.net
    - DOMAIN-SUFFIX,aiqiyicloud.com
    - DOMAIN-SUFFIX,aiqiyicloud-mgmt.com
    - DOMAIN-SUFFIX,aianno.com
    - DOMAIN-SUFFIX,aianno.cn
    - DOMAIN-SUFFIX,71edge.net
    - DOMAIN-SUFFIX,71edge.com
    - DOMAIN-SUFFIX,viu.com
    - DOMAIN-SUFFIX,71.am
    - DOMAIN-SUFFIX,byteoversea.com
    - DOMAIN-SUFFIX,ibytedtos.com
    - DOMAIN-SUFFIX,ipstatp.com
    - DOMAIN-SUFFIX,muscdn.com
    - DOMAIN-SUFFIX,musical.ly
    - DOMAIN-SUFFIX,tiktok.com
    - DOMAIN-SUFFIX,tik-tokapi.com
    - DOMAIN-SUFFIX,tiktokcdn.com
    - DOMAIN-SUFFIX,tiktokv.com
    - DOMAIN-SUFFIX,kfs.io
    - DOMAIN-SUFFIX,kkbox.com
    - DOMAIN-SUFFIX,bilibili.com
    - DOMAIN-SUFFIX,youtube.com
    - DOMAIN-SUFFIX,kktv.me
    - DOMAIN-SUFFIX,litv.tv
    - DOMAIN-SUFFIX,claude.ai
    - DOMAIN-SUFFIX,anthropic.com
    - DOMAIN-SUFFIX,oaiusercontent.com
    - DOMAIN-SUFFIX,4gtv.tv
    - DOMAIN-SUFFIX,oaistatic.com
    - DOMAIN-SUFFIX,chatgpt.com
    - DOMAIN-SUFFIX,openai.com
    - DOMAIN-SUFFIX,shahid.net
    - DOMAIN-SUFFIX,npaw.com
    - DOMAIN-SUFFIX,linetv.tw
    - DOMAIN-SUFFIX,mbc.net
    - DOMAIN-SUFFIX,tataplay.com
    - DOMAIN-SUFFIX,mxplayer.in
    - DOMAIN-SUFFIX,catchplay.com
    - DOMAIN-SUFFIX,kaltura.com
    - DOMAIN-SUFFIX,sooka.my
    - DOMAIN-SUFFIX,solocoo.tv
    - DOMAIN-SUFFIX,glxplay.io
    - DOMAIN-SUFFIX,cliptv.vn
    - DOMAIN-SUFFIX,mytv.vn
    - DOMAIN-SUFFIX,ais-vidnt.com
    - DOMAIN-SUFFIX,trueid.net
    - DOMAIN-SUFFIX,starhubtvplus.com
    - DOMAIN-SUFFIX,starhubgo.com
    - DOMAIN-SUFFIX,mewatch.sg
    - DOMAIN-SUFFIX,bilibili.tv
    - DOMAIN-SUFFIX,hbogoasia.tw
    - DOMAIN-SUFFIX,hbogoasia.sg
    - DOMAIN-SUFFIX,hbogoasia.ph
    - DOMAIN-SUFFIX,hbogoasia.com
    - DOMAIN-SUFFIX,hbogoasia.hk
    - DOMAIN-SUFFIX,hbogoasia.id
    - DOMAIN-SUFFIX,pndsn.com
    - DOMAIN-SUFFIX,dogatch.jp
    - DOMAIN-SUFFIX,dicelaboratory.com
    - DOMAIN-SUFFIX,diceplatform.com
    - DOMAIN-SUFFIX,imggaming.com
    - DOMAIN-SUFFIX,setantasports.com
    - DOMAIN-SUFFIX,afreecatv.com
    - DOMAIN-SUFFIX,go-mpulse.net
    - DOMAIN-SUFFIX,theplatform.com
    - DOMAIN-SUFFIX,crave.ca
    - DOMAIN-SUFFIX,9c9media.com
    - DOMAIN-SUFFIX,nhk.jp
    - DOMAIN-SUFFIX,dmm-extension.com
    - DOMAIN-SUFFIX,smartmediarep.com
    - DOMAIN-SUFFIX,dmm.com
    - DOMAIN-SUFFIX,videomarket.jp
    - DOMAIN-SUFFIX,p-smith.com
    - DOMAIN-SUFFIX,pstatic.net
    - DOMAIN-SUFFIX,navercorp.com
    - DOMAIN-SUFFIX,abema.io
    - DOMAIN-SUFFIX,abema.tv
    - DOMAIN-SUFFIX,naver.com
    - DOMAIN-SUFFIX,screens-lab.jp
    - DOMAIN-SUFFIX,tving.com
    - DOMAIN-SUFFIX,wavve.com
    - DOMAIN-SUFFIX,ameba.jp
    - DOMAIN-SUFFIX,hayabusa.io
    - DOMAIN-SUFFIX,discoveryplus.in
    - DOMAIN-SUFFIX,bucketeer.jp
    - DOMAIN-SUFFIX,funimation.com
    - DOMAIN-SUFFIX,hayabusa.media
    - DOMAIN-SUFFIX,abema-tv.com
    - DOMAIN-SUFFIX,dmc.nico
    - DOMAIN-SUFFIX,nicovideo.jp
    - DOMAIN-SUFFIX,nimg.jp
    - DOMAIN-SUFFIX,telasa.jp
    - DOMAIN-SUFFIX,kddi-video.com
    - DOMAIN-SUFFIX,videopass.jp
    - DOMAIN-SUFFIX,directvgo.com
    - DOMAIN-SUFFIX,paravi.jp
    - DOMAIN-SUFFIX,unext.jp
    - DOMAIN-SUFFIX,nxtv.jp
    - DOMAIN-SUFFIX,happyon.jp
    - DOMAIN-SUFFIX,hulu.jp
    - DOMAIN-SUFFIX,dazn-api.com
    - DOMAIN-SUFFIX,streaks.jp
    - DOMAIN-SUFFIX,maxgo.com
    - DOMAIN-SUFFIX,hjholdings.jp
    - DOMAIN-SUFFIX,tver.jp
    - DOMAIN-SUFFIX,hbonow.com
    - DOMAIN-SUFFIX,gorin.jp
    - DOMAIN-SUFFIX,coupangplay.com
    - DOMAIN-SUFFIX,dazndn.com
    - DOMAIN-SUFFIX,cbc.ca
    - DOMAIN-SUFFIX,hbomax.com
    - DOMAIN-SUFFIX,hbogo.com
    - DOMAIN-SUFFIX,hbo.com
    - DOMAIN-SUFFIX,forthethrone.com
    - DOMAIN-SUFFIX,cinemax.com
    - DOMAIN-SUFFIX,radiko.jp
    - DOMAIN-SUFFIX,radionikkei.jp
    - DOMAIN-SUFFIX,starott.com
    - DOMAIN-SUFFIX,clubdam.com
    - DOMAIN-SUFFIX,starplus.com
    - DOMAIN-SUFFIX,hoy.tv
    - DOMAIN-SUFFIX,cygames.jp
    - DOMAIN-SUFFIX,konosubafd.jp
    - DOMAIN-SUFFIX,colorfulpalette.org
    - DOMAIN-SUFFIX,worldflipper.jp
    - DOMAIN-SUFFIX,jujutsuphanpara.jp
    - DOMAIN-SUFFIX,mora.jp
    - DOMAIN-SUFFIX,music.jp
    - DOMAIN-SUFFIX,music-book.jp
    - DOMAIN-SUFFIX,nba.com
    - DOMAIN-SUFFIX,mytvsuper.com
    - DOMAIN-SUFFIX,viu.tv
    - DOMAIN-SUFFIX,now.com
    - DOMAIN-SUFFIX,nowestatic.com
    - DOMAIN-SUFFIX,neulion.com
    - DOMAIN-SUFFIX,nowe.com
    - DOMAIN-SUFFIX,digiturkplay.com
    - DOMAIN-SUFFIX,zahs.tv
    - DOMAIN-SUFFIX,sky.ch
    - DOMAIN-SUFFIX,vcdn.biz
    - DOMAIN-SUFFIX,boltdns.net
    - DOMAIN-SUFFIX,acorn.tv
    - DOMAIN-SUFFIX,sho.com
    - DOMAIN-SUFFIX,showtime.com
    - DOMAIN-SUFFIX,showtimeanytime.com
    - DOMAIN-SUFFIX,megogo.net
    - DOMAIN-SUFFIX,amediateka.ru
    - DOMAIN-SUFFIX,npo.nl
    - DOMAIN-SUFFIX,videoland.com
    - DOMAIN-SUFFIX,britbox.com
    - DOMAIN-SUFFIX,zdf.de
    - DOMAIN-SUFFIX,funimationsvc.com
    - DOMAIN-SUFFIX,paramountplus.com
    - DOMAIN-SUFFIX,sky.de
    - DOMAIN-SUFFIX,joyn.de
    - DOMAIN-SUFFIX,ftven.fr
    - DOMAIN-SUFFIX,molotov.tv
    - DOMAIN-SUFFIX,cbsaavideo.com
    - DOMAIN-SUFFIX,cbsi.com
    - DOMAIN-SUFFIX,cbsivideo.com
    - DOMAIN-SUFFIX,pplusstatic.com
    - DOMAIN-SUFFIX,canalplus.com
    - DOMAIN-SUFFIX,stan.video
    - DOMAIN-SUFFIX,salto.fr
    - DOMAIN-SUFFIX,litix.io
    - DOMAIN-SUFFIX,getblueshift.com
    - DOMAIN-SUFFIX,discovery.com
    - DOMAIN-SUFFIX,docplay.com
    - DOMAIN-SUFFIX,discoveryplus.com
    - DOMAIN-SUFFIX,disco-api.com
    - DOMAIN-SUFFIX,bbcverticals.com
    - DOMAIN-SUFFIX,crackle.com
    - DOMAIN-SUFFIX,bbci.co
    - DOMAIN-SUFFIX,bbcchinese.com
    - DOMAIN-SUFFIX,bbc.in
    - DOMAIN-SUFFIX,bbc.com
    - DOMAIN-SUFFIX,bbc.co
    - DOMAIN-SUFFIX,dazn.com
    - DOMAIN-SUFFIX,channel5.com
    - DOMAIN-SUFFIX,channel4.com
    - DOMAIN-SUFFIX,itvstatic.com
    - DOMAIN-SUFFIX,itv.com
    - DOMAIN-SUFFIX,9cdn.net
    - DOMAIN-SUFFIX,sky.com
    - DOMAIN-SUFFIX,mtg-api.com
    - DOMAIN-SUFFIX,viaplay.pl
    - DOMAIN-SUFFIX,viaplay.com
    - DOMAIN-SUFFIX,mi9cdn.com
    - DOMAIN-SUFFIX,eurosport.ru
    - DOMAIN-SUFFIX,eurosport.io
    - DOMAIN-SUFFIX,eurosport.ro
    - DOMAIN-SUFFIX,eurosport.es
    - DOMAIN-SUFFIX,eurosport.fr
    - DOMAIN-SUFFIX,eurosport.com
    - DOMAIN-SUFFIX,eurosportplayer.com
    - DOMAIN-SUFFIX,max.com
    - DOMAIN-SUFFIX,cssott.com
    - DOMAIN-SUFFIX,skyshowtime.com
    - DOMAIN-SUFFIX,optusdigital.com
    - DOMAIN-SUFFIX,optussport.tv
    - DOMAIN-SUFFIX,optusvideo.tv
    - DOMAIN-SUFFIX,rakuten.tv
    - DOMAIN-SUFFIX,formula1.com
    - DOMAIN-SUFFIX,kocowa.com
    - DOMAIN-SUFFIX,atttvnow.com
    - DOMAIN-SUFFIX,popcornflix.com
    - DOMAIN-SUFFIX,sbsod.com
    - DOMAIN-SUFFIX,peacock.com
    - DOMAIN-SUFFIX,peacocktv.com
    - DOMAIN-SUFFIX,fullscreen.nz
    - DOMAIN-SUFFIX,fox.com
    - DOMAIN-SUFFIX,foxdcg.com
    - DOMAIN-SUFFIX,encoretvb.com
    - DOMAIN-SUFFIX,hulu.com
    - DOMAIN-SUFFIX,pluto.tv
    - DOMAIN-SUFFIX,movetv.com
    - DOMAIN-SUFFIX,huluad.com
    - DOMAIN-SUFFIX,huluqa.com
    - DOMAIN-SUFFIX,hulustream.com
    - DOMAIN-SUFFIX,nfl.com
    - DOMAIN-SUFFIX,movenetworks.com
    - DOMAIN-SUFFIX,sling.com
    - DOMAIN-SUFFIX,slinginternational.com
    - DOMAIN-SUFFIX,dtci.co
    - DOMAIN-SUFFIX,dtci.technology
    - DOMAIN-SUFFIX,dishworld.com
    - DOMAIN-SUFFIX,espn.com
    - DOMAIN-SUFFIX,espn.net
    - DOMAIN-SUFFIX,espncdn.com
    - DOMAIN-SUFFIX,espnqa.com
    - DOMAIN-SUFFIX,watchespn.com
    - DOMAIN-SUFFIX,epix.com
    - DOMAIN-SUFFIX,starz.com
    - DOMAIN-SUFFIX,philo.com
    - DOMAIN-SUFFIX,tubitv.com
    - DOMAIN-SUFFIX,fubo.tv
    - DOMAIN-SUFFIX,shudder.com
    - DOMAIN-SUFFIX,aetv.com
    - DOMAIN-SUFFIX,cwtv.com
    - DOMAIN-SUFFIX,prod.hjholdings.tv
    - DOMAIN-SUFFIX,bahamut.com.tw
    - DOMAIN-SUFFIX,d151l6v8er5bdm.cloudfront.net
    - DOMAIN-SUFFIX,vod-hls-ntham-comm-live.akamaized.net
    - DOMAIN-SUFFIX,ccpa-service.sp-prod.net
    - DOMAIN-SUFFIX,d1sgwhnao7452x.cloudfront.net
    - DOMAIN-SUFFIX,neulion-a.akamaihd.net
    - DOMAIN-SUFFIX,nlnbamdnyc-a.akamaihd.net
    - DOMAIN-SUFFIX,dcalivedazn.akamaized.net
    - DOMAIN-SUFFIX,dcblivedazn.akamaized.net
    - DOMAIN-SUFFIX,d1v5ir2lpwr8os.cloudfront.net
    - DOMAIN-SUFFIX,nba-api-cdn.opin.media
    - DOMAIN-SUFFIX,neulionqos-a.akamaihd.net
    - DOMAIN-SUFFIX,vod-dash-ntham-comm-live.akamaized.net
    - DOMAIN-SUFFIX,d22qjgkvxw22r6.cloudfront.net
    - DOMAIN-SUFFIX,lion-nba-msl.akamaized.net
    - DOMAIN-SUFFIX,nbanlds19vod.akamaized.net
    - DOMAIN-SUFFIX,geolocation.onetrust.com
    - DOMAIN-SUFFIX,fxnow.fxnetworks.com
    - DOMAIN-SUFFIX,espn.co.uk
    - DOMAIN-SUFFIX,d25xi40x97liuc.cloudfront.net
    - DOMAIN-SUFFIX,ppstream.net.cn
    - DOMAIN-SUFFIX,d27xxe7juh1us6.cloudfront.net
    - DOMAIN-SUFFIX,ppstream.com.cn
    - DOMAIN-SUFFIX,dmqdd6hw24ucf.cloudfront.net
    - DOMAIN-SUFFIX,atv-ext-eu.amazon.com
    - DOMAIN-SUFFIX,api.rlje.net
    - DOMAIN-SUFFIX,cws-hulu.conviva.com
    - DOMAIN-SUFFIX,assetshuluimcom-a.akamaihd.net
    - DOMAIN-SUFFIX,foxsports03-i.akamaihd.net
    - DOMAIN-SUFFIX,foxsports02-i.akamaihd.net
    - DOMAIN-SUFFIX,foxsports01-i.akamaihd.net
    - DOMAIN-SUFFIX,d3cv4a9a9wh0bt.cloudfront.net
    - DOMAIN-SUFFIX,bcbolt446c5271-a.akamaihd.net
    - DOMAIN-SUFFIX,videos-f.jwpsrv.com
    - DOMAIN-SUFFIX,content.jwplatform.com
    - DOMAIN-SUFFIX,atv-ext-fe.amazon.com
    - DOMAIN-SUFFIX,cdn-fox-networks-group-green.akamaized.net
    - DOMAIN-SUFFIX,content-ause1-ur-discovery1.uplynk.com
    - DOMAIN-SUFFIX,x-live-fox-stgec.uplynk.com
    - DOMAIN-SUFFIX,skysportnow.co.nz
    - DOMAIN-SUFFIX,x-default-stgec.uplynk.com
    - DOMAIN-SUFFIX,prod-skyonelive.akamaized.net
    - DOMAIN-SUFFIX,discoveryplus.co.uk
    - DOMAIN-SUFFIX,sky.co.nz
    - DOMAIN-SUFFIX,neontv.co.nz
    - DOMAIN-SUFFIX,mobile-collector.newrelic.com
    - DOMAIN-SUFFIX,discovery.uplynk.com
    - DOMAIN-SUFFIX,sbs-live-dai.akamaized.net
    - DOMAIN-SUFFIX,atv-ext.amazon.com
    - DOMAIN-SUFFIX,atv-ps-eu.amazon.com
    - DOMAIN-SUFFIX,atv-ps-fe.amazon.com
    - DOMAIN-SUFFIX,sbs-live.akamaized.net
    - DOMAIN-SUFFIX,sbsvodns-vh.akamaihd.net
    - DOMAIN-SUFFIX,sbsvoddai-vh.akamaihd.net
    - DOMAIN-SUFFIX,videocdn-sbs.akamaized.net
    - DOMAIN-SUFFIX,sbs.com.au
    - DOMAIN-SUFFIX,93e30b04-drm-widevine-licensing.axprod.net
    - DOMAIN-SUFFIX,iqiyi.demo.uwp
    - DOMAIN-SUFFIX,c.evidon.com
    - DOMAIN-SUFFIX,kbs.co.kr
    - DOMAIN-SUFFIX,d3rj5p7u4c4icq.cloudfront.net
    - DOMAIN-SUFFIX,f1prodlive.akamaized.net
    - DOMAIN-SUFFIX,bln1.yospace.com
    - DOMAIN-SUFFIX,tls1.yospace.com
    - DOMAIN-SUFFIX,optusnet.com.au
    - DOMAIN-SUFFIX,atv-ps.amazon.com
    - DOMAIN-SUFFIX,optus.com.au
    - DOMAIN-SUFFIX,abc-iview-mediapackagestreams-2.akamaized.net
    - DOMAIN-SUFFIX,video.a2z.com
    - DOMAIN-SUFFIX,tvbanywhere.com.sg
    - DOMAIN-SUFFIX,d25m2gzplgnf0.cloudfront.net
    - DOMAIN-SUFFIX,tvb.com.au
    - DOMAIN-SUFFIX,tvbc.com.cn
    - DOMAIN-SUFFIX,airspace-cdn.cbsviedo.com
    - DOMAIN-SUFFIX,tvbeventpower.com.hk
    - DOMAIN-SUFFIX,10play.com.au
    - DOMAIN-SUFFIX,tvmedia.net.au
    - DOMAIN-SUFFIX,d1k2us671qcoau.cloudfront.net
    - DOMAIN-SUFFIX,eurosport-dlvr-ott.akamaized.net
    - DOMAIN-SUFFIX,yourtv.com.au
    - DOMAIN-SUFFIX,static9.net.au
    - DOMAIN-SUFFIX,ninemsn.com.au
    - DOMAIN-SUFFIX,ninemediaroom.com.au
    - DOMAIN-SUFFIX,nineentertainmentco.com.au
    - DOMAIN-SUFFIX,nineentertainment.com.au
    - DOMAIN-SUFFIX,nine.com.au
    - DOMAIN-SUFFIX,d2anahhhmp1ffz.cloudfront.net
    - DOMAIN-SUFFIX,eurosport-dlvr-ott-vod.akamaized.net
    - DOMAIN-SUFFIX,i-viaplay-com.akamaized.net
    - DOMAIN-SUFFIX,mi9.com.au
    - DOMAIN-SUFFIX,freeviewplus.net.au
    - DOMAIN-SUFFIX,9now.com.au
    - DOMAIN-SUFFIX,9news.com.au
    - DOMAIN-SUFFIX,dfp6rglgjqszk.cloudfront.net
    - DOMAIN-SUFFIX,d3o7oi00quuwqu.cloudfront.net
    - DOMAIN-SUFFIX,9nation.com.au
    - DOMAIN-SUFFIX,d2z3p34itxwaj7.cloudfront.net
    - DOMAIN-SUFFIX,itvpnpmobile-a.akamaihd.net
    - DOMAIN-SUFFIX,9now-livestreams.akamaized.net
    - DOMAIN-SUFFIX,p-9now.akamaized.net
    - DOMAIN-SUFFIX,71.am.com
    - DOMAIN-SUFFIX,aod-dash-uk-live.akamaized.net
    - DOMAIN-SUFFIX,aod-hls-uk-live.akamaized.net
    - DOMAIN-SUFFIX,as-dash-uk-live.akamaized.net
    - DOMAIN-SUFFIX,as-hls-uk-live.akamaized.net
    - DOMAIN-SUFFIX,vod-dash-uk-live.akamaized.net
    - DOMAIN-SUFFIX,vod-dash-ww-live.akamaized.net
    - DOMAIN-SUFFIX,vod-hls-uk-live.akamaized.net
    - DOMAIN-SUFFIX,vod-sub-uk-live.akamaized.net
    - DOMAIN-SUFFIX,vod-thumb-uk-live.akamaized.net
    - DOMAIN-SUFFIX,vod-thumb-ww-live.akamaized.net
    - DOMAIN-SUFFIX,vs-cmaf-push-uk-live.akamaized.net
    - DOMAIN-SUFFIX,cdn.7livecloud.io
    - DOMAIN-SUFFIX,bbc.co.uk
    - DOMAIN-SUFFIX,seven.demdex.net
    - DOMAIN-SUFFIX,7plus-sevennetwork.akamaized.net
    - DOMAIN-SUFFIX,bbc.net.uk
    - DOMAIN-SUFFIX,npc-live-sevennetwork.akamaized.net
    - DOMAIN-SUFFIX,kktv-theater.kk.stream
    - DOMAIN-SUFFIX,music.126.net
    - DOMAIN-SUFFIX,7plus.com.au
    - DOMAIN-SUFFIX,bbci.co.uk
    - DOMAIN-SUFFIX,bbcmedia.co.uk
    - DOMAIN-SUFFIX,879ed873-madman-com-au.akamaized.net
    - DOMAIN-SUFFIX,5a929471-madman-com-au.akamaized.net
    - DOMAIN-SUFFIX,bidi.net.uk
    - DOMAIN-SUFFIX,ff1be285-madman-com-au.akamaized.net
    - DOMAIN-SUFFIX,0c86e2d1-madman-com-au.akamaized.net
    - DOMAIN-SUFFIX,streamotion.com.au
    - DOMAIN-SUFFIX,live02-stan.akamaized.net
    - DOMAIN-SUFFIX,live01-stan.akamaized.net
    - DOMAIN-SUFFIX,streamcoimg-a.akamaihd.net
    - DOMAIN-SUFFIX,stan.com.au
    - DOMAIN-SUFFIX,music.163.com
    - DOMAIN-SUFFIX,kkbox.com.tw
    - DOMAIN-SUFFIX,youtubei.googleapis.com
    - DOMAIN-SUFFIX,kktv.com.tw
    - DOMAIN-SUFFIX,copilot.microsoft.com
    - DOMAIN-SUFFIX,generativelanguage.googleapis.com
    - DOMAIN-SUFFIX,aistudio.google.com
    - DOMAIN-SUFFIX,dt-int-gurme-hls.mncdn.com
    - DOMAIN-SUFFIX,dt-live-int.akamaized.net
    - DOMAIN-SUFFIX,proactivebackend-pa.googleapis.com
    - DOMAIN-SUFFIX,gemini.google.com
    - DOMAIN-SUFFIX,cdn.plyr.io
    - DOMAIN-SUFFIX,myvideo.net.tw
    - DOMAIN-SUFFIX,d3c7rimkq79yfu.cloudfront.net
    - DOMAIN-SUFFIX,bcbolthboa-a.akamaihd.net
    - DOMAIN-SUFFIX,dai3fd1oh325y.cloudfront.net
    - DOMAIN-SUFFIX,hboasia1-i.akamaihd.net
    - DOMAIN-SUFFIX,hboasia2-i.akamaihd.net
    - DOMAIN-SUFFIX,hboasia3-i.akamaihd.net
    - DOMAIN-SUFFIX,hboasia4-i.akamaihd.net
    - DOMAIN-SUFFIX,hboasia5-i.akamaihd.net
    - DOMAIN-SUFFIX,hboasialive.akamaized.net
    - DOMAIN-SUFFIX,hbogoprod-vod.akamaized.net
    - DOMAIN-SUFFIX,hbolb.onwardsmg.com
    - DOMAIN-SUFFIX,hbounify-prod.evergent.com
    - DOMAIN-SUFFIX,hbogo.co.th
    - DOMAIN-SUFFIX,cdn.hinet.net
    - DOMAIN-SUFFIX,hamivideo.hinet.net
    - DOMAIN-SUFFIX,d2ivmxp5z2ww0n.cloudfront.net
    - DOMAIN-SUFFIX,rakuten.co.jp
    - DOMAIN-SUFFIX,ols-ww100-cp.akamaized.net
    - DOMAIN-SUFFIX,api-animefesta.iowl.jp
    - DOMAIN-SUFFIX,tra-www000-cp.akamaized.net
    - DOMAIN-SUFFIX,smartstream.ne.jp
    - DOMAIN-SUFFIX,geo-id-media-001-vidio-com.akamaized.net
    - DOMAIN-SUFFIX,stream.ne.jp
    - DOMAIN-SUFFIX,fujitv.co.jp
    - DOMAIN-SUFFIX,wowow.co.jp
    - DOMAIN-SUFFIX,tver.co.jp
    - DOMAIN-SUFFIX,yb.uncn.jp
    - DOMAIN-SUFFIX,d2lmsumy47c8as.cloudfront.net
    - DOMAIN-SUFFIX,abema.adx.promo
    - DOMAIN-SUFFIX,vod-abematv.akamaized.net
    - DOMAIN-SUFFIX,pooq.co.kr
    - DOMAIN-SUFFIX,ds-vod-abematv.akamaized.net
    - DOMAIN-SUFFIX,linear-abematv.akamaized.net
    - DOMAIN-SUFFIX,ds-linear-abematv.akamaized.net
    - DOMAIN-SUFFIX,img.vm-movie.jp
    - DOMAIN-SUFFIX,vmdash-cenc.akamaized.net
    - DOMAIN-SUFFIX,dmm.co.jp
    - DOMAIN-SUFFIX,cbcrcott-gem.akamaized.net
    - DOMAIN-SUFFIX,jtbc.co.kr
    - DOMAIN-SUFFIX,cbcrcott-gem-key.akamaized.net
    - DOMAIN-SUFFIX,cbcnewshd-f.akamaihd.net
    - DOMAIN-SUFFIX,cbclivedai5-i.akamaihd.net
    - DOMAIN-SUFFIX,cbchd1dynamicads-i.akamaihd.net
    - DOMAIN-SUFFIX,failoverstarhub.akamaized.net
    - DOMAIN-SUFFIX,gamer.com.tw
    - DOMAIN-SUFFIX,cbsplaylistserver.aws.syncbak.com
    - DOMAIN-SUFFIX,cbsservice.aws.syncbak.com
    - DOMAIN-SUFFIX,sdk.iad-03.braze.com
    - DOMAIN-SUFFIX,scvm1sc0-ssm.anycast.nagra.com
    - DOMAIN-SUFFIX,nbaprop.sc.omtrdc.net
    - DOMAIN-SUFFIX,imggaming.s3-eu-west-1.amazonaws.com
    - DOMAIN-SUFFIX,edge.api.brightcove.com
    - DOMAIN-SUFFIX,gyao.yahoo.co.jp
    - DOMAIN-SUFFIX,animestore.docomo.ne.jp
    - DOMAIN-SUFFIX,aisplay.ais.co.th
    - DOMAIN-SUFFIX,cdn.registerdisney.go.com
    - DOMAIN-SUFFIX,watchnba.cdnfastly.endeavorstreaming.net
    - DOMAIN-SUFFIX,nbaprop.tt.omtrdc.net
    - DOMAIN-SUFFIX,espndotcom.tt.omtrdc.net
    - DOMAIN-SUFFIX,espn.hb.omtrdc.net
    - DOMAIN-SUFFIX,id.zaq.ne.jp
    - DOMAIN-SUFFIX,hulu.sc.omtrdc.net
    - DOMAIN-SUFFIX,1fad96d91f4f519fc79753650a57dad992c44af2.cws.conviva.com
    - DOMAIN-SUFFIX,scc.ott.hinet.net
    - DOMAIN-SUFFIX,hulu.hb.omtrdc.net
    - DOMAIN-SUFFIX,mytvsuperlimited.sc.omtrdc.net
    - DOMAIN-SUFFIX,mytvsuperlimited.hb.omtrdc.net
    - DOMAIN-SUFFIX,alkalimakersuite-pa.clients6.google.com
    - DOMAIN-SUFFIX,atv-ps-eu.amazon.co.uk
    - DOMAIN-SUFFIX,bbcfmt.s.llnwi.net
    - DOMAIN-SUFFIX,bbcfmt.hs.llnwd.net
    - DOMAIN-SUFFIX,mobileanalytics.us-east-1.amazonaws.com
    - DOMAIN-SUFFIX,atv-ps-fe.amazon.co.jp
    - DOMAIN-SUFFIX,popcornflix-prod.cloud.seachange.com
    - DOMAIN-SUFFIX,skyshowtimeuk.data.adobedc.net
    - DOMAIN-SUFFIX,akamai.prod-live.h264.io
    - DOMAIN-SUFFIX,cognito-identity.us-east-1.amazonaws.com
    - DOMAIN-SUFFIX,europe-fastly-mediashield-live-prod.cdn.h264.io
    - DOMAIN-SUFFIX,global.ssl.fastly.net
    - DOMAIN-SUFFIX,net10-livestream-keys.play.cbsi.video
    - DOMAIN-SUFFIX,net10-livestream.play.cbsi.video
    - DOMAIN-SUFFIX,iview.abc.net.au
    - DOMAIN-SUFFIX,4ac1dd56e493354be504f063e4ae3440a13c6776.cws.conviva.com
    - DOMAIN-SUFFIX,1ok961aaca.execute-api.eu-west-1.amazonaws.com
    - DOMAIN-SUFFIX,44wilhpljf.execute-api.ap-southeast-1.amazonaws.com
    - DOMAIN-SUFFIX,star.api.edge.bamgrid.com
    - DOMAIN-SUFFIX,espn.api.edge.bamgrid.com
    - DOMAIN-SUFFIX,star.playback.edge.bamgrid.com
    - DOMAIN-SUFFIX,cbsi.live.ott.irdeto.com
    - DOMAIN-SUFFIX,ux1kpaebv0.execute-api.eu-west-1.amazonaws.com
    - DOMAIN-SUFFIX,disney.connections.edge.bamgrid.com
    - DOMAIN-SUFFIX,disney.api.edge.bamgrid.com
    - DOMAIN-SUFFIX,if.lemino.docomo.ne.jp
    - DOMAIN-SUFFIX,star.connections.edge.bamgrid.com
    - DOMAIN-SUFFIX,star.content.edge.bamgrid.com
    - DOMAIN-SUFFIX,media-shield.live.eurosport.map.fastly.net
